// !$*UTF8*$!
{
	archiveVersion = 1;
	classes = {
	};
	objectVersion = 46;
	objects = {

/* Begin PBXBuildFile section */
		9CC3BE81175CED5E00F077FA /* Cocoa.framework in Frameworks */ = {isa = PBXBuildFile; fileRef = 9CC3BE80175CED5E00F077FA /* Cocoa.framework */; };
		9CC3BE8B175CED5E00F077FA /* InfoPlist.strings in Resources */ = {isa = PBXBuildFile; fileRef = 9CC3BE89175CED5E00F077FA /* InfoPlist.strings */; };
		9CC3BE8D175CED5E00F077FA /* main.m in Sources */ = {isa = PBXBuildFile; fileRef = 9CC3BE8C175CED5E00F077FA /* main.m */; };
		9CC3BE91175CED5E00F077FA /* Credits.rtf in Resources */ = {isa = PBXBuildFile; fileRef = 9CC3BE8F175CED5E00F077FA /* Credits.rtf */; };
		9CC3BE94175CED5E00F077FA /* CDAppDelegate.m in Sources */ = {isa = PBXBuildFile; fileRef = 9CC3BE93175CED5E00F077FA /* CDAppDelegate.m */; };
		9CC3BE97175CED5F00F077FA /* MainMenu.xib in Resources */ = {isa = PBXBuildFile; fileRef = 9CC3BE95175CED5F00F077FA /* MainMenu.xib */; };
		9CC3BED4175CF32900F077FA /* OctoKit.framework in Frameworks */ = {isa = PBXBuildFile; fileRef = 9CC3BEC9175CF2AE00F077FA /* OctoKit.framework */; };
		9CC3BEFB175CF36F00F077FA /* README.md in Resources */ = {isa = PBXBuildFile; fileRef = 9CC3BEEB175CF36F00F077FA /* README.md */; };
		9CC3BEFC175CF39C00F077FA /* OctoKit.framework in Copy Bundle Frameworks */ = {isa = PBXBuildFile; fileRef = 9CC3BEC9175CF2AE00F077FA /* OctoKit.framework */; };
/* End PBXBuildFile section */

/* Begin PBXContainerItemProxy section */
		9CC3BEC8175CF2AE00F077FA /* PBXContainerItemProxy */ = {
			isa = PBXContainerItemProxy;
			containerPortal = 9CC3BEBE175CF2AC00F077FA /* OctoKit.xcodeproj */;
			proxyType = 2;
			remoteGlobalIDString = D0871EA8169E2EFC00016ACA;
			remoteInfo = "OctoKit Mac";
		};
		9CC3BECA175CF2AE00F077FA /* PBXContainerItemProxy */ = {
			isa = PBXContainerItemProxy;
			containerPortal = 9CC3BEBE175CF2AC00F077FA /* OctoKit.xcodeproj */;
			proxyType = 2;
			remoteGlobalIDString = D0871EC0169E2EFC00016ACA;
			remoteInfo = "OctoKit Mac Tests";
		};
		9CC3BECC175CF2AE00F077FA /* PBXContainerItemProxy */ = {
			isa = PBXContainerItemProxy;
			containerPortal = 9CC3BEBE175CF2AC00F077FA /* OctoKit.xcodeproj */;
			proxyType = 2;
			remoteGlobalIDString = D0871FE4169E309900016ACA;
			remoteInfo = "OctoKit iOS";
		};
		9CC3BECE175CF2AE00F077FA /* PBXContainerItemProxy */ = {
			isa = PBXContainerItemProxy;
			containerPortal = 9CC3BEBE175CF2AC00F077FA /* OctoKit.xcodeproj */;
			proxyType = 2;
			remoteGlobalIDString = D0871FF3169E309A00016ACA;
			remoteInfo = "OctoKit iOS Tests";
		};
		9CC3BF0A175CF91200F077FA /* PBXContainerItemProxy */ = {
			isa = PBXContainerItemProxy;
			containerPortal = 9CC3BEBE175CF2AC00F077FA /* OctoKit.xcodeproj */;
			proxyType = 1;
			remoteGlobalIDString = D0871EA7169E2EFC00016ACA;
			remoteInfo = "OctoKit Mac";
		};
/* End PBXContainerItemProxy section */

/* Begin PBXCopyFilesBuildPhase section */
		9CC3BED5175CF32D00F077FA /* Copy Bundle Frameworks */ = {
			isa = PBXCopyFilesBuildPhase;
			buildActionMask = 2147483647;
			dstPath = "";
			dstSubfolderSpec = 10;
			files = (
				9CC3BEFC175CF39C00F077FA /* OctoKit.framework in Copy Bundle Frameworks */,
			);
			name = "Copy Bundle Frameworks";
			runOnlyForDeploymentPostprocessing = 0;
		};
/* End PBXCopyFilesBuildPhase section */

/* Begin PBXFileReference section */
		9CC3BE7D175CED5E00F077FA /* OctoKit-Test.app */ = {isa = PBXFileReference; explicitFileType = wrapper.application; includeInIndex = 0; path = "OctoKit-Test.app"; sourceTree = BUILT_PRODUCTS_DIR; };
		9CC3BE80175CED5E00F077FA /* Cocoa.framework */ = {isa = PBXFileReference; lastKnownFileType = wrapper.framework; name = Cocoa.framework; path = System/Library/Frameworks/Cocoa.framework; sourceTree = SDKROOT; };
		9CC3BE83175CED5E00F077FA /* AppKit.framework */ = {isa = PBXFileReference; lastKnownFileType = wrapper.framework; name = AppKit.framework; path = System/Library/Frameworks/AppKit.framework; sourceTree = SDKROOT; };
		9CC3BE84175CED5E00F077FA /* CoreData.framework */ = {isa = PBXFileReference; lastKnownFileType = wrapper.framework; name = CoreData.framework; path = System/Library/Frameworks/CoreData.framework; sourceTree = SDKROOT; };
		9CC3BE85175CED5E00F077FA /* Foundation.framework */ = {isa = PBXFileReference; lastKnownFileType = wrapper.framework; name = Foundation.framework; path = System/Library/Frameworks/Foundation.framework; sourceTree = SDKROOT; };
		9CC3BE88175CED5E00F077FA /* OctoKit-Test-Info.plist */ = {isa = PBXFileReference; lastKnownFileType = text.plist.xml; path = "OctoKit-Test-Info.plist"; sourceTree = "<group>"; };
		9CC3BE8A175CED5E00F077FA /* en */ = {isa = PBXFileReference; lastKnownFileType = text.plist.strings; name = en; path = en.lproj/InfoPlist.strings; sourceTree = "<group>"; };
		9CC3BE8C175CED5E00F077FA /* main.m */ = {isa = PBXFileReference; lastKnownFileType = sourcecode.c.objc; path = main.m; sourceTree = "<group>"; };
		9CC3BE8E175CED5E00F077FA /* OctoKit-Test-Prefix.pch */ = {isa = PBXFileReference; lastKnownFileType = sourcecode.c.h; path = "OctoKit-Test-Prefix.pch"; sourceTree = "<group>"; };
		9CC3BE90175CED5E00F077FA /* en */ = {isa = PBXFileReference; lastKnownFileType = text.rtf; name = en; path = en.lproj/Credits.rtf; sourceTree = "<group>"; };
		9CC3BE92175CED5E00F077FA /* CDAppDelegate.h */ = {isa = PBXFileReference; lastKnownFileType = sourcecode.c.h; path = CDAppDelegate.h; sourceTree = "<group>"; };
		9CC3BE93175CED5E00F077FA /* CDAppDelegate.m */ = {isa = PBXFileReference; lastKnownFileType = sourcecode.c.objc; path = CDAppDelegate.m; sourceTree = "<group>"; };
		9CC3BE96175CED5F00F077FA /* en */ = {isa = PBXFileReference; lastKnownFileType = file.xib; name = en; path = en.lproj/MainMenu.xib; sourceTree = "<group>"; };
		9CC3BEBE175CF2AC00F077FA /* OctoKit.xcodeproj */ = {isa = PBXFileReference; lastKnownFileType = "wrapper.pb-project"; name = OctoKit.xcodeproj; path = OctoKit/OctoKit.xcodeproj; sourceTree = "<group>"; };
		9CC3BED8175CF36F00F077FA /* Common.xcconfig */ = {isa = PBXFileReference; fileEncoding = 4; lastKnownFileType = text.xcconfig; path = Common.xcconfig; sourceTree = "<group>"; };
		9CC3BEDA175CF36F00F077FA /* Debug.xcconfig */ = {isa = PBXFileReference; fileEncoding = 4; lastKnownFileType = text.xcconfig; path = Debug.xcconfig; sourceTree = "<group>"; };
		9CC3BEDB175CF36F00F077FA /* Profile.xcconfig */ = {isa = PBXFileReference; fileEncoding = 4; lastKnownFileType = text.xcconfig; path = Profile.xcconfig; sourceTree = "<group>"; };
		9CC3BEDC175CF36F00F077FA /* Release.xcconfig */ = {isa = PBXFileReference; fileEncoding = 4; lastKnownFileType = text.xcconfig; path = Release.xcconfig; sourceTree = "<group>"; };
		9CC3BEDD175CF36F00F077FA /* Test.xcconfig */ = {isa = PBXFileReference; fileEncoding = 4; lastKnownFileType = text.xcconfig; path = Test.xcconfig; sourceTree = "<group>"; };
		9CC3BEDF175CF36F00F077FA /* Application.xcconfig */ = {isa = PBXFileReference; fileEncoding = 4; lastKnownFileType = text.xcconfig; path = Application.xcconfig; sourceTree = "<group>"; };
		9CC3BEE0175CF36F00F077FA /* StaticLibrary.xcconfig */ = {isa = PBXFileReference; fileEncoding = 4; lastKnownFileType = text.xcconfig; path = StaticLibrary.xcconfig; sourceTree = "<group>"; };
		9CC3BEE2175CF36F00F077FA /* iOS-Application.xcconfig */ = {isa = PBXFileReference; fileEncoding = 4; lastKnownFileType = text.xcconfig; path = "iOS-Application.xcconfig"; sourceTree = "<group>"; };
		9CC3BEE3175CF36F00F077FA /* iOS-Base.xcconfig */ = {isa = PBXFileReference; fileEncoding = 4; lastKnownFileType = text.xcconfig; path = "iOS-Base.xcconfig"; sourceTree = "<group>"; };
		9CC3BEE4175CF36F00F077FA /* iOS-StaticLibrary.xcconfig */ = {isa = PBXFileReference; fileEncoding = 4; lastKnownFileType = text.xcconfig; path = "iOS-StaticLibrary.xcconfig"; sourceTree = "<group>"; };
		9CC3BEE6175CF36F00F077FA /* Mac-Application.xcconfig */ = {isa = PBXFileReference; fileEncoding = 4; lastKnownFileType = text.xcconfig; path = "Mac-Application.xcconfig"; sourceTree = "<group>"; };
		9CC3BEE7175CF36F00F077FA /* Mac-Base.xcconfig */ = {isa = PBXFileReference; fileEncoding = 4; lastKnownFileType = text.xcconfig; path = "Mac-Base.xcconfig"; sourceTree = "<group>"; };
		9CC3BEE8175CF36F00F077FA /* Mac-DynamicLibrary.xcconfig */ = {isa = PBXFileReference; fileEncoding = 4; lastKnownFileType = text.xcconfig; path = "Mac-DynamicLibrary.xcconfig"; sourceTree = "<group>"; };
		9CC3BEE9175CF36F00F077FA /* Mac-Framework.xcconfig */ = {isa = PBXFileReference; fileEncoding = 4; lastKnownFileType = text.xcconfig; path = "Mac-Framework.xcconfig"; sourceTree = "<group>"; };
		9CC3BEEA175CF36F00F077FA /* Mac-StaticLibrary.xcconfig */ = {isa = PBXFileReference; fileEncoding = 4; lastKnownFileType = text.xcconfig; path = "Mac-StaticLibrary.xcconfig"; sourceTree = "<group>"; };
		9CC3BEEB175CF36F00F077FA /* README.md */ = {isa = PBXFileReference; fileEncoding = 4; lastKnownFileType = text; path = README.md; sourceTree = "<group>"; };
/* End PBXFileReference section */

/* Begin PBXFrameworksBuildPhase section */
		9CC3BE7A175CED5E00F077FA /* Frameworks */ = {
			isa = PBXFrameworksBuildPhase;
			buildActionMask = 2147483647;
			files = (
				9CC3BED4175CF32900F077FA /* OctoKit.framework in Frameworks */,
				9CC3BE81175CED5E00F077FA /* Cocoa.framework in Frameworks */,
			);
			runOnlyForDeploymentPostprocessing = 0;
		};
/* End PBXFrameworksBuildPhase section */

/* Begin PBXGroup section */
		9CC3BE74175CED5E00F077FA = {
			isa = PBXGroup;
			children = (
				9CC3BE86175CED5E00F077FA /* OctoKit-Test */,
				9CC3BE7F175CED5E00F077FA /* Frameworks */,
				9CC3BED6175CF36F00F077FA /* configs */,
				9CC3BE7E175CED5E00F077FA /* Products */,
			);
			sourceTree = "<group>";
		};
		9CC3BE7E175CED5E00F077FA /* Products */ = {
			isa = PBXGroup;
			children = (
				9CC3BE7D175CED5E00F077FA /* OctoKit-Test.app */,
			);
			name = Products;
			sourceTree = "<group>";
		};
		9CC3BE7F175CED5E00F077FA /* Frameworks */ = {
			isa = PBXGroup;
			children = (
				9CC3BEBE175CF2AC00F077FA /* OctoKit.xcodeproj */,
				9CC3BE80175CED5E00F077FA /* Cocoa.framework */,
				9CC3BE82175CED5E00F077FA /* Other Frameworks */,
			);
			name = Frameworks;
			sourceTree = "<group>";
		};
		9CC3BE82175CED5E00F077FA /* Other Frameworks */ = {
			isa = PBXGroup;
			children = (
				9CC3BE83175CED5E00F077FA /* AppKit.framework */,
				9CC3BE84175CED5E00F077FA /* CoreData.framework */,
				9CC3BE85175CED5E00F077FA /* Foundation.framework */,
			);
			name = "Other Frameworks";
			sourceTree = "<group>";
		};
		9CC3BE86175CED5E00F077FA /* OctoKit-Test */ = {
			isa = PBXGroup;
			children = (
				9CC3BE92175CED5E00F077FA /* CDAppDelegate.h */,
				9CC3BE93175CED5E00F077FA /* CDAppDelegate.m */,
				9CC3BE95175CED5F00F077FA /* MainMenu.xib */,
				9CC3BE87175CED5E00F077FA /* Supporting Files */,
			);
			path = "OctoKit-Test";
			sourceTree = "<group>";
		};
		9CC3BE87175CED5E00F077FA /* Supporting Files */ = {
			isa = PBXGroup;
			children = (
				9CC3BE88175CED5E00F077FA /* OctoKit-Test-Info.plist */,
				9CC3BE89175CED5E00F077FA /* InfoPlist.strings */,
				9CC3BE8C175CED5E00F077FA /* main.m */,
				9CC3BE8E175CED5E00F077FA /* OctoKit-Test-Prefix.pch */,
				9CC3BE8F175CED5E00F077FA /* Credits.rtf */,
			);
			name = "Supporting Files";
			sourceTree = "<group>";
		};
		9CC3BEBF175CF2AC00F077FA /* Products */ = {
			isa = PBXGroup;
			children = (
				9CC3BEC9175CF2AE00F077FA /* OctoKit.framework */,
				9CC3BECB175CF2AE00F077FA /* OctoKit Mac Tests.octest */,
				9CC3BECD175CF2AE00F077FA /* libOctoKit.a */,
				9CC3BECF175CF2AE00F077FA /* OctoKit iOS Tests.octest */,
			);
			name = Products;
			sourceTree = "<group>";
		};
		9CC3BED6175CF36F00F077FA /* configs */ = {
			isa = PBXGroup;
			children = (
				9CC3BED7175CF36F00F077FA /* Base */,
				9CC3BEE1175CF36F00F077FA /* iOS */,
				9CC3BEE5175CF36F00F077FA /* Mac OS X */,
				9CC3BEEB175CF36F00F077FA /* README.md */,
			);
			path = configs;
			sourceTree = "<group>";
		};
		9CC3BED7175CF36F00F077FA /* Base */ = {
			isa = PBXGroup;
			children = (
				9CC3BED8175CF36F00F077FA /* Common.xcconfig */,
				9CC3BED9175CF36F00F077FA /* Configurations */,
				9CC3BEDE175CF36F00F077FA /* Targets */,
			);
			path = Base;
			sourceTree = "<group>";
		};
		9CC3BED9175CF36F00F077FA /* Configurations */ = {
			isa = PBXGroup;
			children = (
				9CC3BEDA175CF36F00F077FA /* Debug.xcconfig */,
				9CC3BEDB175CF36F00F077FA /* Profile.xcconfig */,
				9CC3BEDC175CF36F00F077FA /* Release.xcconfig */,
				9CC3BEDD175CF36F00F077FA /* Test.xcconfig */,
			);
			path = Configurations;
			sourceTree = "<group>";
		};
		9CC3BEDE175CF36F00F077FA /* Targets */ = {
			isa = PBXGroup;
			children = (
				9CC3BEDF175CF36F00F077FA /* Application.xcconfig */,
				9CC3BEE0175CF36F00F077FA /* StaticLibrary.xcconfig */,
			);
			path = Targets;
			sourceTree = "<group>";
		};
		9CC3BEE1175CF36F00F077FA /* iOS */ = {
			isa = PBXGroup;
			children = (
				9CC3BEE2175CF36F00F077FA /* iOS-Application.xcconfig */,
				9CC3BEE3175CF36F00F077FA /* iOS-Base.xcconfig */,
				9CC3BEE4175CF36F00F077FA /* iOS-StaticLibrary.xcconfig */,
			);
			path = iOS;
			sourceTree = "<group>";
		};
		9CC3BEE5175CF36F00F077FA /* Mac OS X */ = {
			isa = PBXGroup;
			children = (
				9CC3BEE6175CF36F00F077FA /* Mac-Application.xcconfig */,
				9CC3BEE7175CF36F00F077FA /* Mac-Base.xcconfig */,
				9CC3BEE8175CF36F00F077FA /* Mac-DynamicLibrary.xcconfig */,
				9CC3BEE9175CF36F00F077FA /* Mac-Framework.xcconfig */,
				9CC3BEEA175CF36F00F077FA /* Mac-StaticLibrary.xcconfig */,
			);
			path = "Mac OS X";
			sourceTree = "<group>";
		};
/* End PBXGroup section */

/* Begin PBXNativeTarget section */
		9CC3BE7C175CED5E00F077FA /* OctoKit-Test */ = {
			isa = PBXNativeTarget;
			buildConfigurationList = 9CC3BE9A175CED5F00F077FA /* Build configuration list for PBXNativeTarget "OctoKit-Test" */;
			buildPhases = (
				9CC3BE79175CED5E00F077FA /* Sources */,
				9CC3BE7A175CED5E00F077FA /* Frameworks */,
				9CC3BE7B175CED5E00F077FA /* Resources */,
				9CC3BED5175CF32D00F077FA /* Copy Bundle Frameworks */,
			);
			buildRules = (
			);
			dependencies = (
				9CC3BF0B175CF91200F077FA /* PBXTargetDependency */,
			);
			name = "OctoKit-Test";
			productName = "OctoKit-Test";
			productReference = 9CC3BE7D175CED5E00F077FA /* OctoKit-Test.app */;
			productType = "com.apple.product-type.application";
		};
/* End PBXNativeTarget section */

/* Begin PBXProject section */
		9CC3BE75175CED5E00F077FA /* Project object */ = {
			isa = PBXProject;
			attributes = {
				CLASSPREFIX = CD;
				LastUpgradeCheck = 0460;
				ORGANIZATIONNAME = "Aron Cedercrantz";
			};
			buildConfigurationList = 9CC3BE78175CED5E00F077FA /* Build configuration list for PBXProject "OctoKit-Test" */;
			compatibilityVersion = "Xcode 3.2";
			developmentRegion = English;
			hasScannedForEncodings = 0;
			knownRegions = (
				en,
			);
			mainGroup = 9CC3BE74175CED5E00F077FA;
			productRefGroup = 9CC3BE7E175CED5E00F077FA /* Products */;
			projectDirPath = "";
			projectReferences = (
				{
					ProductGroup = 9CC3BEBF175CF2AC00F077FA /* Products */;
					ProjectRef = 9CC3BEBE175CF2AC00F077FA /* OctoKit.xcodeproj */;
				},
			);
			projectRoot = "";
			targets = (
				9CC3BE7C175CED5E00F077FA /* OctoKit-Test */,
			);
		};
/* End PBXProject section */

/* Begin PBXReferenceProxy section */
		9CC3BEC9175CF2AE00F077FA /* OctoKit.framework */ = {
			isa = PBXReferenceProxy;
			fileType = wrapper.framework;
			path = OctoKit.framework;
			remoteRef = 9CC3BEC8175CF2AE00F077FA /* PBXContainerItemProxy */;
			sourceTree = BUILT_PRODUCTS_DIR;
		};
		9CC3BECB175CF2AE00F077FA /* OctoKit Mac Tests.octest */ = {
			isa = PBXReferenceProxy;
			fileType = wrapper.cfbundle;
			path = "OctoKit Mac Tests.octest";
			remoteRef = 9CC3BECA175CF2AE00F077FA /* PBXContainerItemProxy */;
			sourceTree = BUILT_PRODUCTS_DIR;
		};
		9CC3BECD175CF2AE00F077FA /* libOctoKit.a */ = {
			isa = PBXReferenceProxy;
			fileType = archive.ar;
			path = libOctoKit.a;
			remoteRef = 9CC3BECC175CF2AE00F077FA /* PBXContainerItemProxy */;
			sourceTree = BUILT_PRODUCTS_DIR;
		};
		9CC3BECF175CF2AE00F077FA /* OctoKit iOS Tests.octest */ = {
			isa = PBXReferenceProxy;
			fileType = wrapper.cfbundle;
			path = "OctoKit iOS Tests.octest";
			remoteRef = 9CC3BECE175CF2AE00F077FA /* PBXContainerItemProxy */;
			sourceTree = BUILT_PRODUCTS_DIR;
		};
/* End PBXReferenceProxy section */

/* Begin PBXResourcesBuildPhase section */
		9CC3BE7B175CED5E00F077FA /* Resources */ = {
			isa = PBXResourcesBuildPhase;
			buildActionMask = 2147483647;
			files = (
				9CC3BE8B175CED5E00F077FA /* InfoPlist.strings in Resources */,
				9CC3BE91175CED5E00F077FA /* Credits.rtf in Resources */,
				9CC3BE97175CED5F00F077FA /* MainMenu.xib in Resources */,
				9CC3BEFB175CF36F00F077FA /* README.md in Resources */,
			);
			runOnlyForDeploymentPostprocessing = 0;
		};
/* End PBXResourcesBuildPhase section */

/* Begin PBXSourcesBuildPhase section */
		9CC3BE79175CED5E00F077FA /* Sources */ = {
			isa = PBXSourcesBuildPhase;
			buildActionMask = 2147483647;
			files = (
				9CC3BE8D175CED5E00F077FA /* main.m in Sources */,
				9CC3BE94175CED5E00F077FA /* CDAppDelegate.m in Sources */,
			);
			runOnlyForDeploymentPostprocessing = 0;
		};
/* End PBXSourcesBuildPhase section */

/* Begin PBXTargetDependency section */
		9CC3BF0B175CF91200F077FA /* PBXTargetDependency */ = {
			isa = PBXTargetDependency;
			name = "OctoKit Mac";
			targetProxy = 9CC3BF0A175CF91200F077FA /* PBXContainerItemProxy */;
		};
/* End PBXTargetDependency section */

/* Begin PBXVariantGroup section */
		9CC3BE89175CED5E00F077FA /* InfoPlist.strings */ = {
			isa = PBXVariantGroup;
			children = (
				9CC3BE8A175CED5E00F077FA /* en */,
			);
			name = InfoPlist.strings;
			sourceTree = "<group>";
		};
		9CC3BE8F175CED5E00F077FA /* Credits.rtf */ = {
			isa = PBXVariantGroup;
			children = (
				9CC3BE90175CED5E00F077FA /* en */,
			);
			name = Credits.rtf;
			sourceTree = "<group>";
		};
		9CC3BE95175CED5F00F077FA /* MainMenu.xib */ = {
			isa = PBXVariantGroup;
			children = (
				9CC3BE96175CED5F00F077FA /* en */,
			);
			name = MainMenu.xib;
			sourceTree = "<group>";
		};
/* End PBXVariantGroup section */

/* Begin XCBuildConfiguration section */
		9CC3BE98175CED5F00F077FA /* Debug */ = {
			isa = XCBuildConfiguration;
			baseConfigurationReference = 9CC3BEDA175CF36F00F077FA /* Debug.xcconfig */;
			buildSettings = {
				ALWAYS_SEARCH_USER_PATHS = NO;
				ARCHS = "$(ARCHS_STANDARD_64_BIT)";
				CLANG_CXX_LANGUAGE_STANDARD = "gnu++0x";
				CLANG_CXX_LIBRARY = "libc++";
				CLANG_ENABLE_OBJC_ARC = YES;
				CLANG_WARN_CONSTANT_CONVERSION = YES;
				CLANG_WARN_EMPTY_BODY = YES;
				CLANG_WARN_ENUM_CONVERSION = YES;
				CLANG_WARN_INT_CONVERSION = YES;
				CLANG_WARN__DUPLICATE_METHOD_MATCH = YES;
				COPY_PHASE_STRIP = NO;
				GCC_C_LANGUAGE_STANDARD = gnu99;
				GCC_DYNAMIC_NO_PIC = NO;
				GCC_ENABLE_OBJC_EXCEPTIONS = YES;
				GCC_OPTIMIZATION_LEVEL = 0;
				GCC_PREPROCESSOR_DEFINITIONS = (
					"DEBUG=1",
					"$(inherited)",
				);
				GCC_SYMBOLS_PRIVATE_EXTERN = NO;
				GCC_WARN_64_TO_32_BIT_CONVERSION = YES;
				GCC_WARN_ABOUT_RETURN_TYPE = YES;
				GCC_WARN_UNINITIALIZED_AUTOS = YES;
				GCC_WARN_UNUSED_VARIABLE = YES;
				MACOSX_DEPLOYMENT_TARGET = 10.8;
				ONLY_ACTIVE_ARCH = YES;
				SDKROOT = macosx;
			};
			name = Debug;
		};
		9CC3BE99175CED5F00F077FA /* Release */ = {
			isa = XCBuildConfiguration;
			baseConfigurationReference = 9CC3BEDC175CF36F00F077FA /* Release.xcconfig */;
			buildSettings = {
				ALWAYS_SEARCH_USER_PATHS = NO;
				ARCHS = "$(ARCHS_STANDARD_64_BIT)";
				CLANG_CXX_LANGUAGE_STANDARD = "gnu++0x";
				CLANG_CXX_LIBRARY = "libc++";
				CLANG_ENABLE_OBJC_ARC = YES;
				CLANG_WARN_CONSTANT_CONVERSION = YES;
				CLANG_WARN_EMPTY_BODY = YES;
				CLANG_WARN_ENUM_CONVERSION = YES;
				CLANG_WARN_INT_CONVERSION = YES;
				CLANG_WARN__DUPLICATE_METHOD_MATCH = YES;
				COPY_PHASE_STRIP = YES;
				DEBUG_INFORMATION_FORMAT = "dwarf-with-dsym";
				GCC_C_LANGUAGE_STANDARD = gnu99;
				GCC_ENABLE_OBJC_EXCEPTIONS = YES;
				GCC_WARN_64_TO_32_BIT_CONVERSION = YES;
				GCC_WARN_ABOUT_RETURN_TYPE = YES;
				GCC_WARN_UNINITIALIZED_AUTOS = YES;
				GCC_WARN_UNUSED_VARIABLE = YES;
				MACOSX_DEPLOYMENT_TARGET = 10.8;
				SDKROOT = macosx;
			};
			name = Release;
		};
		9CC3BE9B175CED5F00F077FA /* Debug */ = {
			isa = XCBuildConfiguration;
			baseConfigurationReference = 9CC3BEE6175CF36F00F077FA /* Mac-Application.xcconfig */;
			buildSettings = {
				COMBINE_HIDPI_IMAGES = YES;
				GCC_PRECOMPILE_PREFIX_HEADER = YES;
				GCC_PREFIX_HEADER = "OctoKit-Test/OctoKit-Test-Prefix.pch";
				INFOPLIST_FILE = "OctoKit-Test/OctoKit-Test-Info.plist";
				LD_RUNPATH_SEARCH_PATHS = "$(inherited) @loader_path/../Frameworks/OctoKit.framework/Versions/Current/Frameworks";
				PRODUCT_NAME = "$(TARGET_NAME)";
				WRAPPER_EXTENSION = app;
			};
			name = Debug;
		};
		9CC3BE9C175CED5F00F077FA /* Release */ = {
			isa = XCBuildConfiguration;
			baseConfigurationReference = 9CC3BEE6175CF36F00F077FA /* Mac-Application.xcconfig */;
			buildSettings = {
				COMBINE_HIDPI_IMAGES = YES;
				GCC_PRECOMPILE_PREFIX_HEADER = YES;
				GCC_PREFIX_HEADER = "OctoKit-Test/OctoKit-Test-Prefix.pch";
				INFOPLIST_FILE = "OctoKit-Test/OctoKit-Test-Info.plist";
				LD_RUNPATH_SEARCH_PATHS = "$(inherited) @loader_path/../Frameworks/OctoKit.framework/Versions/Current/Frameworks";
				PRODUCT_NAME = "$(TARGET_NAME)";
				WRAPPER_EXTENSION = app;
			};
			name = Release;
		};
/* End XCBuildConfiguration section */

/* Begin XCConfigurationList section */
		9CC3BE78175CED5E00F077FA /* Build configuration list for PBXProject "OctoKit-Test" */ = {
			isa = XCConfigurationList;
			buildConfigurations = (
				9CC3BE98175CED5F00F077FA /* Debug */,
				9CC3BE99175CED5F00F077FA /* Release */,
			);
			defaultConfigurationIsVisible = 0;
			defaultConfigurationName = Release;
		};
		9CC3BE9A175CED5F00F077FA /* Build configuration list for PBXNativeTarget "OctoKit-Test" */ = {
			isa = XCConfigurationList;
			buildConfigurations = (
				9CC3BE9B175CED5F00F077FA /* Debug */,
				9CC3BE9C175CED5F00F077FA /* Release */,
			);
			defaultConfigurationIsVisible = 0;
			defaultConfigurationName = Release;
		};
/* End XCConfigurationList section */
	};
	rootObject = 9CC3BE75175CED5E00F077FA /* Project object */;
}
